
Microsoft Visual Studio Solution File, Format Version 12.00
# Visual Studio Version 17
VisualStudioVersion = 17.12.35527.113
MinimumVisualStudioVersion = 10.0.40219.1
Project("{FAE04EC0-301F-11D3-BF4B-00C04F79EFBC}") = "Fiap.FileCut.Upload.Api", "src\Fiap.FileCut.Upload.Api\Fiap.FileCut.Upload.Api.csproj", "{28C903A2-F166-4FC9-905E-C3E8CF799794}"
EndProject
Project("{2150E333-8FDC-42A3-9474-1A3956D46DE8}") = "src", "src", "{AF952B06-A65F-4248-9B26-9AA5C7CF6BFC}"
EndProject
Project("{2150E333-8FDC-42A3-9474-1A3956D46DE8}") = "lib", "lib", "{0E19294D-3A76-4F8D-8A16-99ECB18C29C8}"
EndProject
Project("{2150E333-8FDC-42A3-9474-1A3956D46DE8}") = "tests", "tests", "{FEB3502D-27CC-4A87-A8EB-659F4EFDFF1A}"
EndProject
Project("{FAE04EC0-301F-11D3-BF4B-00C04F79EFBC}") = "Fiap.FileCut.Upload.Api.UnitTests", "tests\Fiap.FileCut.Upload.Api.UnitTests\Fiap.FileCut.Upload.Api.UnitTests.csproj", "{21B8548B-9766-44E8-A6FC-96B7F57AF6E2}"
EndProject
Project("{2150E333-8FDC-42A3-9474-1A3956D46DE8}") = "Itens de Solução", "Itens de Solução", "{05A1479B-E215-4E85-950D-7A6390223145}"
	ProjectSection(SolutionItems) = preProject
		.env = .env
		.env-sample = .env-sample
		LICENSE.txt = LICENSE.txt
		README.md = README.md
		.github\workflows\sonarcloud.yml = .github\workflows\sonarcloud.yml
	EndProjectSection
EndProject
Project("{FAE04EC0-301F-11D3-BF4B-00C04F79EFBC}") = "Fiap.FileCut.Infra.Api", "libs\Fiap.FileCut\Fiap.FileCut.Infra.Api\Fiap.FileCut.Infra.Api.csproj", "{30BCD8ED-BFB7-4E80-BEC0-D4C8EEC16015}"
EndProject
Project("{FAE04EC0-301F-11D3-BF4B-00C04F79EFBC}") = "Fiap.FileCut.Core", "libs\Fiap.FileCut\Fiap.FileCut.Core\Fiap.FileCut.Core.csproj", "{1F87EE25-F0A5-462E-BD12-8F2E8B706BAF}"
EndProject
Project("{FAE04EC0-301F-11D3-BF4B-00C04F79EFBC}") = "Fiap.FileCut.Infra.Storage", "libs\Fiap.FileCut\Fiap.FileCut.Infra.Storage\Fiap.FileCut.Infra.Storage.csproj", "{C80A7CE2-832D-4446-B5C5-FB11FA994418}"
EndProject
Project("{E53339B2-1760-4266-BCC7-CA923CBCF16C}") = "docker-compose", "docker-compose.dcproj", "{FAC492B8-E0E5-42C9-889D-4A16D333483B}"
EndProject
Project("{FAE04EC0-301F-11D3-BF4B-00C04F79EFBC}") = "Fiap.FileCut.Infra.RabbitMq", "libs\Fiap.FileCut\Fiap.FileCut.Infra.RabbitMq\Fiap.FileCut.Infra.RabbitMq.csproj", "{633104E0-4D40-4D58-A1FB-136403803F5D}"
EndProject
Project("{FAE04EC0-301F-11D3-BF4B-00C04F79EFBC}") = "Fiap.FileCut.Infra.IdentityProvider", "libs\Fiap.FileCut\Fiap.FileCut.Infra.IdentityProvider\Fiap.FileCut.Infra.IdentityProvider.csproj", "{3C982552-0B3D-479D-B775-164738474266}"
EndProject
Global
	GlobalSection(SolutionConfigurationPlatforms) = preSolution
		Debug|Any CPU = Debug|Any CPU
		Release|Any CPU = Release|Any CPU
	EndGlobalSection
	GlobalSection(ProjectConfigurationPlatforms) = postSolution
		{28C903A2-F166-4FC9-905E-C3E8CF799794}.Debug|Any CPU.ActiveCfg = Debug|Any CPU
		{28C903A2-F166-4FC9-905E-C3E8CF799794}.Debug|Any CPU.Build.0 = Debug|Any CPU
		{28C903A2-F166-4FC9-905E-C3E8CF799794}.Release|Any CPU.ActiveCfg = Release|Any CPU
		{28C903A2-F166-4FC9-905E-C3E8CF799794}.Release|Any CPU.Build.0 = Release|Any CPU
		{21B8548B-9766-44E8-A6FC-96B7F57AF6E2}.Debug|Any CPU.ActiveCfg = Debug|Any CPU
		{21B8548B-9766-44E8-A6FC-96B7F57AF6E2}.Debug|Any CPU.Build.0 = Debug|Any CPU
		{21B8548B-9766-44E8-A6FC-96B7F57AF6E2}.Release|Any CPU.ActiveCfg = Release|Any CPU
		{21B8548B-9766-44E8-A6FC-96B7F57AF6E2}.Release|Any CPU.Build.0 = Release|Any CPU
		{30BCD8ED-BFB7-4E80-BEC0-D4C8EEC16015}.Debug|Any CPU.ActiveCfg = Debug|Any CPU
		{30BCD8ED-BFB7-4E80-BEC0-D4C8EEC16015}.Debug|Any CPU.Build.0 = Debug|Any CPU
		{30BCD8ED-BFB7-4E80-BEC0-D4C8EEC16015}.Release|Any CPU.ActiveCfg = Release|Any CPU
		{30BCD8ED-BFB7-4E80-BEC0-D4C8EEC16015}.Release|Any CPU.Build.0 = Release|Any CPU
		{1F87EE25-F0A5-462E-BD12-8F2E8B706BAF}.Debug|Any CPU.ActiveCfg = Debug|Any CPU
		{1F87EE25-F0A5-462E-BD12-8F2E8B706BAF}.Debug|Any CPU.Build.0 = Debug|Any CPU
		{1F87EE25-F0A5-462E-BD12-8F2E8B706BAF}.Release|Any CPU.ActiveCfg = Release|Any CPU
		{1F87EE25-F0A5-462E-BD12-8F2E8B706BAF}.Release|Any CPU.Build.0 = Release|Any CPU
		{C80A7CE2-832D-4446-B5C5-FB11FA994418}.Debug|Any CPU.ActiveCfg = Debug|Any CPU
		{C80A7CE2-832D-4446-B5C5-FB11FA994418}.Debug|Any CPU.Build.0 = Debug|Any CPU
		{C80A7CE2-832D-4446-B5C5-FB11FA994418}.Release|Any CPU.ActiveCfg = Release|Any CPU
		{C80A7CE2-832D-4446-B5C5-FB11FA994418}.Release|Any CPU.Build.0 = Release|Any CPU
		{FAC492B8-E0E5-42C9-889D-4A16D333483B}.Debug|Any CPU.ActiveCfg = Debug|Any CPU
		{FAC492B8-E0E5-42C9-889D-4A16D333483B}.Debug|Any CPU.Build.0 = Debug|Any CPU
		{FAC492B8-E0E5-42C9-889D-4A16D333483B}.Release|Any CPU.ActiveCfg = Release|Any CPU
		{FAC492B8-E0E5-42C9-889D-4A16D333483B}.Release|Any CPU.Build.0 = Release|Any CPU
		{633104E0-4D40-4D58-A1FB-136403803F5D}.Debug|Any CPU.ActiveCfg = Debug|Any CPU
		{633104E0-4D40-4D58-A1FB-136403803F5D}.Debug|Any CPU.Build.0 = Debug|Any CPU
		{633104E0-4D40-4D58-A1FB-136403803F5D}.Release|Any CPU.ActiveCfg = Release|Any CPU
		{633104E0-4D40-4D58-A1FB-136403803F5D}.Release|Any CPU.Build.0 = Release|Any CPU
		{3C982552-0B3D-479D-B775-164738474266}.Debug|Any CPU.ActiveCfg = Debug|Any CPU
		{3C982552-0B3D-479D-B775-164738474266}.Debug|Any CPU.Build.0 = Debug|Any CPU
		{3C982552-0B3D-479D-B775-164738474266}.Release|Any CPU.ActiveCfg = Release|Any CPU
		{3C982552-0B3D-479D-B775-164738474266}.Release|Any CPU.Build.0 = Release|Any CPU
	EndGlobalSection
	GlobalSection(SolutionProperties) = preSolution
		HideSolutionNode = FALSE
	EndGlobalSection
	GlobalSection(NestedProjects) = preSolution
		{28C903A2-F166-4FC9-905E-C3E8CF799794} = {AF952B06-A65F-4248-9B26-9AA5C7CF6BFC}
		{21B8548B-9766-44E8-A6FC-96B7F57AF6E2} = {FEB3502D-27CC-4A87-A8EB-659F4EFDFF1A}
		{30BCD8ED-BFB7-4E80-BEC0-D4C8EEC16015} = {0E19294D-3A76-4F8D-8A16-99ECB18C29C8}
		{1F87EE25-F0A5-462E-BD12-8F2E8B706BAF} = {0E19294D-3A76-4F8D-8A16-99ECB18C29C8}
		{C80A7CE2-832D-4446-B5C5-FB11FA994418} = {0E19294D-3A76-4F8D-8A16-99ECB18C29C8}
		{633104E0-4D40-4D58-A1FB-136403803F5D} = {0E19294D-3A76-4F8D-8A16-99ECB18C29C8}
		{3C982552-0B3D-479D-B775-164738474266} = {0E19294D-3A76-4F8D-8A16-99ECB18C29C8}
	EndGlobalSection
EndGlobal
